
Microsoft Visual Studio Solution File, Format Version 12.00
# Visual Studio Version 16
VisualStudioVersion = 16.0.30503.244
MinimumVisualStudioVersion = 10.0.40219.1
Project("{E24C65DC-7377-472B-9ABA-BC803B73C61A}") = "Ejercicio4", ".", "{9B036233-6A24-41F7-A68C-976B5AE910C9}"
	ProjectSection(WebsiteProperties) = preProject
		TargetFrameworkMoniker = ".NETFramework,Version%3Dv4.5.2"
		Debug.AspNetCompiler.VirtualPath = "/localhost_55641"
		Debug.AspNetCompiler.PhysicalPath = "..\Ejercicio4\"
		Debug.AspNetCompiler.TargetPath = "PrecompiledWeb\localhost_55641\"
		Debug.AspNetCompiler.Updateable = "true"
		Debug.AspNetCompiler.ForceOverwrite = "true"
		Debug.AspNetCompiler.FixedNames = "false"
		Debug.AspNetCompiler.Debug = "True"
		Release.AspNetCompiler.VirtualPath = "/localhost_55641"
		Release.AspNetCompiler.PhysicalPath = "..\Ejercicio4\"
		Release.AspNetCompiler.TargetPath = "PrecompiledWeb\localhost_55641\"
		Release.AspNetCompiler.Updateable = "true"
		Release.AspNetCompiler.ForceOverwrite = "true"
		Release.AspNetCompiler.FixedNames = "false"
		Release.AspNetCompiler.Debug = "False"
		VWDPort = "55641"
		SlnRelativePath = "..\Ejercicio4\"
	EndProjectSection
EndProject
Project("{FAE04EC0-301F-11D3-BF4B-00C04F79EFBC}") = "Calculos", "..\Calculos\Calculos\Calculos.csproj", "{0B6F2230-86E5-4C66-9A9B-72ECD0B901C3}"
EndProject
Global
	GlobalSection(SolutionConfigurationPlatforms) = preSolution
		Debug|Any CPU = Debug|Any CPU
		Release|Any CPU = Release|Any CPU
	EndGlobalSection
	GlobalSection(ProjectConfigurationPlatforms) = postSolution
		{9B036233-6A24-41F7-A68C-976B5AE910C9}.Debug|Any CPU.ActiveCfg = Debug|Any CPU
		{9B036233-6A24-41F7-A68C-976B5AE910C9}.Debug|Any CPU.Build.0 = Debug|Any CPU
		{9B036233-6A24-41F7-A68C-976B5AE910C9}.Release|Any CPU.ActiveCfg = Debug|Any CPU
		{9B036233-6A24-41F7-A68C-976B5AE910C9}.Release|Any CPU.Build.0 = Debug|Any CPU
		{0B6F2230-86E5-4C66-9A9B-72ECD0B901C3}.Debug|Any CPU.ActiveCfg = Debug|Any CPU
		{0B6F2230-86E5-4C66-9A9B-72ECD0B901C3}.Debug|Any CPU.Build.0 = Debug|Any CPU
		{0B6F2230-86E5-4C66-9A9B-72ECD0B901C3}.Release|Any CPU.ActiveCfg = Release|Any CPU
		{0B6F2230-86E5-4C66-9A9B-72ECD0B901C3}.Release|Any CPU.Build.0 = Release|Any CPU
	EndGlobalSection
	GlobalSection(SolutionProperties) = preSolution
		HideSolutionNode = FALSE
	EndGlobalSection
	GlobalSection(ExtensibilityGlobals) = postSolution
		SolutionGuid = {58CF6AF4-2010-4C85-8528-CADB5C45796F}
	EndGlobalSection
EndGlobal
