
Microsoft Visual Studio Solution File, Format Version 12.00
# Visual Studio 15
VisualStudioVersion = 15.0.28010.2019
MinimumVisualStudioVersion = 10.0.40219.1
Project("{FAE04EC0-301F-11D3-BF4B-00C04F79EFBC}") = "Examen_Final_Primera_Evaluacion", "Examen_Final_Primera_Evaluacion\Examen_Final_Primera_Evaluacion.csproj", "{887AA066-28AF-4CC8-8D74-33ED8419691A}"
EndProject
Global
	GlobalSection(SolutionConfigurationPlatforms) = preSolution
		Debug|Any CPU = Debug|Any CPU
		Release|Any CPU = Release|Any CPU
	EndGlobalSection
	GlobalSection(ProjectConfigurationPlatforms) = postSolution
		{887AA066-28AF-4CC8-8D74-33ED8419691A}.Debug|Any CPU.ActiveCfg = Debug|Any CPU
		{887AA066-28AF-4CC8-8D74-33ED8419691A}.Debug|Any CPU.Build.0 = Debug|Any CPU
		{887AA066-28AF-4CC8-8D74-33ED8419691A}.Release|Any CPU.ActiveCfg = Release|Any CPU
		{887AA066-28AF-4CC8-8D74-33ED8419691A}.Release|Any CPU.Build.0 = Release|Any CPU
	EndGlobalSection
	GlobalSection(SolutionProperties) = preSolution
		HideSolutionNode = FALSE
	EndGlobalSection
	GlobalSection(ExtensibilityGlobals) = postSolution
		SolutionGuid = {9F0E29CA-A846-4667-855E-91EFA2410154}
	EndGlobalSection
EndGlobal
