
Microsoft Visual Studio Solution File, Format Version 12.00
# Visual Studio Version 16
VisualStudioVersion = 16.0.29709.97
MinimumVisualStudioVersion = 10.0.40219.1
Project("{FAE04EC0-301F-11D3-BF4B-00C04F79EFBC}") = "ExamenFinal", "ExamenFinal.csproj", "{285ACDFB-2BC1-4164-B1BF-5AAC9669ACB4}"
EndProject
Project("{FAE04EC0-301F-11D3-BF4B-00C04F79EFBC}") = "DAO", "DAO\DAO.csproj", "{BF6AD51F-0468-4158-B983-660D8E7A75C1}"
EndProject
Project("{FAE04EC0-301F-11D3-BF4B-00C04F79EFBC}") = "DAL", "DAL\DAL.csproj", "{025C15F9-FC92-44FE-9EEA-EBD7224F858C}"
EndProject
Project("{FAE04EC0-301F-11D3-BF4B-00C04F79EFBC}") = "ENTIDADES", "ENTIDADES\ENTIDADES.csproj", "{C77D3A22-2EE2-48CD-891D-2E081F58B705}"
EndProject
Global
	GlobalSection(SolutionConfigurationPlatforms) = preSolution
		Debug|Any CPU = Debug|Any CPU
		Release|Any CPU = Release|Any CPU
	EndGlobalSection
	GlobalSection(ProjectConfigurationPlatforms) = postSolution
		{285ACDFB-2BC1-4164-B1BF-5AAC9669ACB4}.Debug|Any CPU.ActiveCfg = Debug|Any CPU
		{285ACDFB-2BC1-4164-B1BF-5AAC9669ACB4}.Debug|Any CPU.Build.0 = Debug|Any CPU
		{285ACDFB-2BC1-4164-B1BF-5AAC9669ACB4}.Release|Any CPU.ActiveCfg = Release|Any CPU
		{285ACDFB-2BC1-4164-B1BF-5AAC9669ACB4}.Release|Any CPU.Build.0 = Release|Any CPU
		{BF6AD51F-0468-4158-B983-660D8E7A75C1}.Debug|Any CPU.ActiveCfg = Debug|Any CPU
		{BF6AD51F-0468-4158-B983-660D8E7A75C1}.Debug|Any CPU.Build.0 = Debug|Any CPU
		{BF6AD51F-0468-4158-B983-660D8E7A75C1}.Release|Any CPU.ActiveCfg = Release|Any CPU
		{BF6AD51F-0468-4158-B983-660D8E7A75C1}.Release|Any CPU.Build.0 = Release|Any CPU
		{025C15F9-FC92-44FE-9EEA-EBD7224F858C}.Debug|Any CPU.ActiveCfg = Debug|Any CPU
		{025C15F9-FC92-44FE-9EEA-EBD7224F858C}.Debug|Any CPU.Build.0 = Debug|Any CPU
		{025C15F9-FC92-44FE-9EEA-EBD7224F858C}.Release|Any CPU.ActiveCfg = Release|Any CPU
		{025C15F9-FC92-44FE-9EEA-EBD7224F858C}.Release|Any CPU.Build.0 = Release|Any CPU
		{C77D3A22-2EE2-48CD-891D-2E081F58B705}.Debug|Any CPU.ActiveCfg = Debug|Any CPU
		{C77D3A22-2EE2-48CD-891D-2E081F58B705}.Debug|Any CPU.Build.0 = Debug|Any CPU
		{C77D3A22-2EE2-48CD-891D-2E081F58B705}.Release|Any CPU.ActiveCfg = Release|Any CPU
		{C77D3A22-2EE2-48CD-891D-2E081F58B705}.Release|Any CPU.Build.0 = Release|Any CPU
	EndGlobalSection
	GlobalSection(SolutionProperties) = preSolution
		HideSolutionNode = FALSE
	EndGlobalSection
	GlobalSection(ExtensibilityGlobals) = postSolution
		SolutionGuid = {9F5E622A-D616-4CA3-BAC1-42828473662C}
	EndGlobalSection
EndGlobal
