
Microsoft Visual Studio Solution File, Format Version 11.00
# Visual Web Developer Express 2010
Project("{E24C65DC-7377-472B-9ABA-BC803B73C61A}") = "EXAMEN1E-SOLUCION", ".", "{0A54FBC8-FCD9-4ABA-B6C2-EEF959C3E307}"
	ProjectSection(WebsiteProperties) = preProject
		TargetFrameworkMoniker = ".NETFramework,Version%3Dv4.0"
		Debug.AspNetCompiler.VirtualPath = "/EXAMEN1E-SOLUCION"
		Debug.AspNetCompiler.PhysicalPath = "D:\MARTA\EXAMEN1E-SOLUCION\EXAMEN1E-SOLUCION\"
		Debug.AspNetCompiler.TargetPath = "PrecompiledWeb\EXAMEN1E-SOLUCION\"
		Debug.AspNetCompiler.Updateable = "true"
		Debug.AspNetCompiler.ForceOverwrite = "true"
		Debug.AspNetCompiler.FixedNames = "false"
		Debug.AspNetCompiler.Debug = "True"
		Release.AspNetCompiler.VirtualPath = "/EXAMEN1E-SOLUCION"
		Release.AspNetCompiler.PhysicalPath = "D:\MARTA\EXAMEN1E-SOLUCION\EXAMEN1E-SOLUCION\"
		Release.AspNetCompiler.TargetPath = "PrecompiledWeb\EXAMEN1E-SOLUCION\"
		Release.AspNetCompiler.Updateable = "true"
		Release.AspNetCompiler.ForceOverwrite = "true"
		Release.AspNetCompiler.FixedNames = "false"
		Release.AspNetCompiler.Debug = "False"
		VWDPort = "49357"
	EndProjectSection
EndProject
Global
	GlobalSection(SolutionConfigurationPlatforms) = preSolution
		Debug|Any CPU = Debug|Any CPU
	EndGlobalSection
	GlobalSection(ProjectConfigurationPlatforms) = postSolution
		{0A54FBC8-FCD9-4ABA-B6C2-EEF959C3E307}.Debug|Any CPU.ActiveCfg = Debug|Any CPU
		{0A54FBC8-FCD9-4ABA-B6C2-EEF959C3E307}.Debug|Any CPU.Build.0 = Debug|Any CPU
	EndGlobalSection
	GlobalSection(SolutionProperties) = preSolution
		HideSolutionNode = FALSE
	EndGlobalSection
EndGlobal
