
Microsoft Visual Studio Solution File, Format Version 12.00
# Visual Studio Version 16
VisualStudioVersion = 16.0.29424.173
MinimumVisualStudioVersion = 10.0.40219.1
Project("{FAE04EC0-301F-11D3-BF4B-00C04F79EFBC}") = "BIOTEK", "BIOTEK\BIOTEK.csproj", "{B3AC63AF-D609-444D-AEEA-4B102F9D2A27}"
EndProject
Project("{FAE04EC0-301F-11D3-BF4B-00C04F79EFBC}") = "DAO", "DAO\DAO.csproj", "{9FEAB093-D8A7-40FA-A367-762976734ACA}"
EndProject
Project("{FAE04EC0-301F-11D3-BF4B-00C04F79EFBC}") = "DAL", "DAL\DAL.csproj", "{DC4649E4-B4C9-45B2-90B5-E2BFA72F9C25}"
EndProject
Project("{FAE04EC0-301F-11D3-BF4B-00C04F79EFBC}") = "ENTIDADES", "ENTIDADES\ENTIDADES.csproj", "{BE72574A-224C-4D62-B163-89878BC16DCC}"
EndProject
Global
	GlobalSection(SolutionConfigurationPlatforms) = preSolution
		Debug|Any CPU = Debug|Any CPU
		Release|Any CPU = Release|Any CPU
	EndGlobalSection
	GlobalSection(ProjectConfigurationPlatforms) = postSolution
		{B3AC63AF-D609-444D-AEEA-4B102F9D2A27}.Debug|Any CPU.ActiveCfg = Debug|Any CPU
		{B3AC63AF-D609-444D-AEEA-4B102F9D2A27}.Debug|Any CPU.Build.0 = Debug|Any CPU
		{B3AC63AF-D609-444D-AEEA-4B102F9D2A27}.Release|Any CPU.ActiveCfg = Release|Any CPU
		{B3AC63AF-D609-444D-AEEA-4B102F9D2A27}.Release|Any CPU.Build.0 = Release|Any CPU
		{9FEAB093-D8A7-40FA-A367-762976734ACA}.Debug|Any CPU.ActiveCfg = Debug|Any CPU
		{9FEAB093-D8A7-40FA-A367-762976734ACA}.Debug|Any CPU.Build.0 = Debug|Any CPU
		{9FEAB093-D8A7-40FA-A367-762976734ACA}.Release|Any CPU.ActiveCfg = Release|Any CPU
		{9FEAB093-D8A7-40FA-A367-762976734ACA}.Release|Any CPU.Build.0 = Release|Any CPU
		{DC4649E4-B4C9-45B2-90B5-E2BFA72F9C25}.Debug|Any CPU.ActiveCfg = Debug|Any CPU
		{DC4649E4-B4C9-45B2-90B5-E2BFA72F9C25}.Debug|Any CPU.Build.0 = Debug|Any CPU
		{DC4649E4-B4C9-45B2-90B5-E2BFA72F9C25}.Release|Any CPU.ActiveCfg = Release|Any CPU
		{DC4649E4-B4C9-45B2-90B5-E2BFA72F9C25}.Release|Any CPU.Build.0 = Release|Any CPU
		{BE72574A-224C-4D62-B163-89878BC16DCC}.Debug|Any CPU.ActiveCfg = Debug|Any CPU
		{BE72574A-224C-4D62-B163-89878BC16DCC}.Debug|Any CPU.Build.0 = Debug|Any CPU
		{BE72574A-224C-4D62-B163-89878BC16DCC}.Release|Any CPU.ActiveCfg = Release|Any CPU
		{BE72574A-224C-4D62-B163-89878BC16DCC}.Release|Any CPU.Build.0 = Release|Any CPU
	EndGlobalSection
	GlobalSection(SolutionProperties) = preSolution
		HideSolutionNode = FALSE
	EndGlobalSection
	GlobalSection(ExtensibilityGlobals) = postSolution
		SolutionGuid = {D1AEB235-B87D-4D4A-93CB-BDB29B682160}
	EndGlobalSection
EndGlobal
