
Microsoft Visual Studio Solution File, Format Version 11.00
# Visual Web Developer Express 2010
Project("{E24C65DC-7377-472B-9ABA-BC803B73C61A}") = "Ejercicio2", ".", "{2615537E-BA93-4EF2-B05F-1548B70ABE5F}"
	ProjectSection(WebsiteProperties) = preProject
		TargetFrameworkMoniker = ".NETFramework,Version%3Dv4.0"
		Debug.AspNetCompiler.VirtualPath = "/Ejercicio2"
		Debug.AspNetCompiler.PhysicalPath = "D:\MARTA\EJERCICIOS\Ejercicio2\"
		Debug.AspNetCompiler.TargetPath = "PrecompiledWeb\Ejercicio2\"
		Debug.AspNetCompiler.Updateable = "true"
		Debug.AspNetCompiler.ForceOverwrite = "true"
		Debug.AspNetCompiler.FixedNames = "false"
		Debug.AspNetCompiler.Debug = "True"
		Release.AspNetCompiler.VirtualPath = "/Ejercicio2"
		Release.AspNetCompiler.PhysicalPath = "D:\MARTA\EJERCICIOS\Ejercicio2\"
		Release.AspNetCompiler.TargetPath = "PrecompiledWeb\Ejercicio2\"
		Release.AspNetCompiler.Updateable = "true"
		Release.AspNetCompiler.ForceOverwrite = "true"
		Release.AspNetCompiler.FixedNames = "false"
		Release.AspNetCompiler.Debug = "False"
		VWDPort = "49499"
	EndProjectSection
EndProject
Global
	GlobalSection(SolutionConfigurationPlatforms) = preSolution
		Debug|Any CPU = Debug|Any CPU
	EndGlobalSection
	GlobalSection(ProjectConfigurationPlatforms) = postSolution
		{2615537E-BA93-4EF2-B05F-1548B70ABE5F}.Debug|Any CPU.ActiveCfg = Debug|Any CPU
		{2615537E-BA93-4EF2-B05F-1548B70ABE5F}.Debug|Any CPU.Build.0 = Debug|Any CPU
	EndGlobalSection
	GlobalSection(SolutionProperties) = preSolution
		HideSolutionNode = FALSE
	EndGlobalSection
EndGlobal
