
Microsoft Visual Studio Solution File, Format Version 12.00
# Visual Studio Version 16
VisualStudioVersion = 16.0.29411.108
MinimumVisualStudioVersion = 10.0.40219.1
Project("{FAE04EC0-301F-11D3-BF4B-00C04F79EFBC}") = "EjercicioValidacion", "EjercicioValidacion.csproj", "{108B5B67-6F45-4190-8A24-3FD2F4D60613}"
EndProject
Global
	GlobalSection(SolutionConfigurationPlatforms) = preSolution
		Debug|Any CPU = Debug|Any CPU
		Release|Any CPU = Release|Any CPU
	EndGlobalSection
	GlobalSection(ProjectConfigurationPlatforms) = postSolution
		{108B5B67-6F45-4190-8A24-3FD2F4D60613}.Debug|Any CPU.ActiveCfg = Debug|Any CPU
		{108B5B67-6F45-4190-8A24-3FD2F4D60613}.Debug|Any CPU.Build.0 = Debug|Any CPU
		{108B5B67-6F45-4190-8A24-3FD2F4D60613}.Release|Any CPU.ActiveCfg = Release|Any CPU
		{108B5B67-6F45-4190-8A24-3FD2F4D60613}.Release|Any CPU.Build.0 = Release|Any CPU
	EndGlobalSection
	GlobalSection(SolutionProperties) = preSolution
		HideSolutionNode = FALSE
	EndGlobalSection
	GlobalSection(ExtensibilityGlobals) = postSolution
		SolutionGuid = {1F6A2F9C-CCF8-4940-9E85-A6AD0A38F9D0}
	EndGlobalSection
EndGlobal
