
Microsoft Visual Studio Solution File, Format Version 12.00
# Visual Studio Version 16
VisualStudioVersion = 16.0.30503.244
MinimumVisualStudioVersion = 10.0.40219.1
Project("{FAE04EC0-301F-11D3-BF4B-00C04F79EFBC}") = "Termometro", "..\Termometro\Termometro\Termometro.csproj", "{0453F871-F429-4ABF-B15B-534103A6C864}"
EndProject
Project("{FAE04EC0-301F-11D3-BF4B-00C04F79EFBC}") = "Ejercicio3A", "Ejercicio3A\Ejercicio3A.csproj", "{2F2676F4-8250-44C0-8C40-A1BE8CC0D0CA}"
EndProject
Global
	GlobalSection(SolutionConfigurationPlatforms) = preSolution
		Debug|Any CPU = Debug|Any CPU
		Release|Any CPU = Release|Any CPU
	EndGlobalSection
	GlobalSection(ProjectConfigurationPlatforms) = postSolution
		{0453F871-F429-4ABF-B15B-534103A6C864}.Debug|Any CPU.ActiveCfg = Debug|Any CPU
		{0453F871-F429-4ABF-B15B-534103A6C864}.Debug|Any CPU.Build.0 = Debug|Any CPU
		{0453F871-F429-4ABF-B15B-534103A6C864}.Release|Any CPU.ActiveCfg = Release|Any CPU
		{0453F871-F429-4ABF-B15B-534103A6C864}.Release|Any CPU.Build.0 = Release|Any CPU
		{2F2676F4-8250-44C0-8C40-A1BE8CC0D0CA}.Debug|Any CPU.ActiveCfg = Debug|Any CPU
		{2F2676F4-8250-44C0-8C40-A1BE8CC0D0CA}.Debug|Any CPU.Build.0 = Debug|Any CPU
		{2F2676F4-8250-44C0-8C40-A1BE8CC0D0CA}.Release|Any CPU.ActiveCfg = Release|Any CPU
		{2F2676F4-8250-44C0-8C40-A1BE8CC0D0CA}.Release|Any CPU.Build.0 = Release|Any CPU
	EndGlobalSection
	GlobalSection(SolutionProperties) = preSolution
		HideSolutionNode = FALSE
	EndGlobalSection
	GlobalSection(ExtensibilityGlobals) = postSolution
		SolutionGuid = {A12F381B-DCD1-45ED-BD56-C59BCD231C8F}
	EndGlobalSection
EndGlobal
