
Microsoft Visual Studio Solution File, Format Version 12.00
# Visual Studio Version 16
VisualStudioVersion = 16.0.30503.244
MinimumVisualStudioVersion = 10.0.40219.1
Project("{FAE04EC0-301F-11D3-BF4B-00C04F79EFBC}") = "CALCULOS", "CALCULOS\CALCULOS.csproj", "{59CF210B-A6F8-4D53-8DC0-372ABCC0D13E}"
EndProject
Project("{FAE04EC0-301F-11D3-BF4B-00C04F79EFBC}") = "Ejercicio12-SOLUCION", "Ejercicio12-SOLUCION\Ejercicio12-SOLUCION.csproj", "{7E26794B-8BD4-4812-B783-8E3ECD8AF0C4}"
EndProject
Global
	GlobalSection(SolutionConfigurationPlatforms) = preSolution
		Debug|Any CPU = Debug|Any CPU
		Release|Any CPU = Release|Any CPU
	EndGlobalSection
	GlobalSection(ProjectConfigurationPlatforms) = postSolution
		{59CF210B-A6F8-4D53-8DC0-372ABCC0D13E}.Debug|Any CPU.ActiveCfg = Debug|Any CPU
		{59CF210B-A6F8-4D53-8DC0-372ABCC0D13E}.Debug|Any CPU.Build.0 = Debug|Any CPU
		{59CF210B-A6F8-4D53-8DC0-372ABCC0D13E}.Release|Any CPU.ActiveCfg = Release|Any CPU
		{59CF210B-A6F8-4D53-8DC0-372ABCC0D13E}.Release|Any CPU.Build.0 = Release|Any CPU
		{7E26794B-8BD4-4812-B783-8E3ECD8AF0C4}.Debug|Any CPU.ActiveCfg = Debug|Any CPU
		{7E26794B-8BD4-4812-B783-8E3ECD8AF0C4}.Debug|Any CPU.Build.0 = Debug|Any CPU
		{7E26794B-8BD4-4812-B783-8E3ECD8AF0C4}.Release|Any CPU.ActiveCfg = Release|Any CPU
		{7E26794B-8BD4-4812-B783-8E3ECD8AF0C4}.Release|Any CPU.Build.0 = Release|Any CPU
	EndGlobalSection
	GlobalSection(SolutionProperties) = preSolution
		HideSolutionNode = FALSE
	EndGlobalSection
	GlobalSection(ExtensibilityGlobals) = postSolution
		SolutionGuid = {0BB13CE8-0ACC-4721-973D-2F47CB2655FE}
	EndGlobalSection
EndGlobal
