
Microsoft Visual Studio Solution File, Format Version 12.00
# Visual Studio Version 16
VisualStudioVersion = 16.0.29424.173
MinimumVisualStudioVersion = 10.0.40219.1
Project("{FAE04EC0-301F-11D3-BF4B-00C04F79EFBC}") = "Ejericicio 13", "Ejericicio 13\Ejericicio 13.csproj", "{68433EFC-4C86-45F9-94E6-E4CB67E39923}"
EndProject
Global
	GlobalSection(SolutionConfigurationPlatforms) = preSolution
		Debug|Any CPU = Debug|Any CPU
		Release|Any CPU = Release|Any CPU
	EndGlobalSection
	GlobalSection(ProjectConfigurationPlatforms) = postSolution
		{68433EFC-4C86-45F9-94E6-E4CB67E39923}.Debug|Any CPU.ActiveCfg = Debug|Any CPU
		{68433EFC-4C86-45F9-94E6-E4CB67E39923}.Debug|Any CPU.Build.0 = Debug|Any CPU
		{68433EFC-4C86-45F9-94E6-E4CB67E39923}.Release|Any CPU.ActiveCfg = Release|Any CPU
		{68433EFC-4C86-45F9-94E6-E4CB67E39923}.Release|Any CPU.Build.0 = Release|Any CPU
	EndGlobalSection
	GlobalSection(SolutionProperties) = preSolution
		HideSolutionNode = FALSE
	EndGlobalSection
	GlobalSection(ExtensibilityGlobals) = postSolution
		SolutionGuid = {D92E5E63-2FEB-43DE-84C7-0AF489863C95}
	EndGlobalSection
EndGlobal
