
Microsoft Visual Studio Solution File, Format Version 11.00
# Visual Web Developer Express 2010
Project("{E24C65DC-7377-472B-9ABA-BC803B73C61A}") = "EXAMENPRIMERA", "F:\2013-2014\EXAMENPRIMERA\", "{560F8CC7-3157-46D6-8243-5A7667367D32}"
	ProjectSection(WebsiteProperties) = preProject
		TargetFrameworkMoniker = ".NETFramework,Version%3Dv4.0"
		Debug.AspNetCompiler.VirtualPath = "/EXAMENPRIMERA"
		Debug.AspNetCompiler.PhysicalPath = "F:\2013-2014\EXAMENPRIMERA\"
		Debug.AspNetCompiler.TargetPath = "PrecompiledWeb\EXAMENPRIMERA\"
		Debug.AspNetCompiler.Updateable = "true"
		Debug.AspNetCompiler.ForceOverwrite = "true"
		Debug.AspNetCompiler.FixedNames = "false"
		Debug.AspNetCompiler.Debug = "True"
		Release.AspNetCompiler.VirtualPath = "/EXAMENPRIMERA"
		Release.AspNetCompiler.PhysicalPath = "F:\2013-2014\EXAMENPRIMERA\"
		Release.AspNetCompiler.TargetPath = "PrecompiledWeb\EXAMENPRIMERA\"
		Release.AspNetCompiler.Updateable = "true"
		Release.AspNetCompiler.ForceOverwrite = "true"
		Release.AspNetCompiler.FixedNames = "false"
		Release.AspNetCompiler.Debug = "False"
		VWDPort = "57132"
	EndProjectSection
EndProject
Global
	GlobalSection(SolutionConfigurationPlatforms) = preSolution
		Debug|Any CPU = Debug|Any CPU
	EndGlobalSection
	GlobalSection(ProjectConfigurationPlatforms) = postSolution
		{560F8CC7-3157-46D6-8243-5A7667367D32}.Debug|Any CPU.ActiveCfg = Debug|Any CPU
		{560F8CC7-3157-46D6-8243-5A7667367D32}.Debug|Any CPU.Build.0 = Debug|Any CPU
	EndGlobalSection
	GlobalSection(SolutionProperties) = preSolution
		HideSolutionNode = FALSE
	EndGlobalSection
EndGlobal
