
Microsoft Visual Studio Solution File, Format Version 12.00
# Visual Studio Version 16
VisualStudioVersion = 16.0.29306.81
MinimumVisualStudioVersion = 10.0.40219.1
Project("{FAE04EC0-301F-11D3-BF4B-00C04F79EFBC}") = "FUNCIONES_DE_CADENA_STRINGS", "FUNCIONES_DE_CADENA_STRINGS.csproj", "{518212A8-A30D-4956-9F39-456121232803}"
EndProject
Global
	GlobalSection(SolutionConfigurationPlatforms) = preSolution
		Debug|Any CPU = Debug|Any CPU
		Release|Any CPU = Release|Any CPU
	EndGlobalSection
	GlobalSection(ProjectConfigurationPlatforms) = postSolution
		{518212A8-A30D-4956-9F39-456121232803}.Debug|Any CPU.ActiveCfg = Debug|Any CPU
		{518212A8-A30D-4956-9F39-456121232803}.Debug|Any CPU.Build.0 = Debug|Any CPU
		{518212A8-A30D-4956-9F39-456121232803}.Release|Any CPU.ActiveCfg = Release|Any CPU
		{518212A8-A30D-4956-9F39-456121232803}.Release|Any CPU.Build.0 = Release|Any CPU
	EndGlobalSection
	GlobalSection(SolutionProperties) = preSolution
		HideSolutionNode = FALSE
	EndGlobalSection
	GlobalSection(ExtensibilityGlobals) = postSolution
		SolutionGuid = {C91EEE55-EFC9-4D63-B26C-4A7915DEFF0B}
	EndGlobalSection
EndGlobal
