
Microsoft Visual Studio Solution File, Format Version 12.00
# Visual Studio 15
VisualStudioVersion = 15.0.28010.2019
MinimumVisualStudioVersion = 10.0.40219.1
Project("{FAE04EC0-301F-11D3-BF4B-00C04F79EFBC}") = "EXAMEN_BD_1_FINAL", "EXAMEN_BD_1_FINAL\EXAMEN_BD_1_FINAL.csproj", "{6609D557-A688-43EE-9931-D48A960C1ACD}"
EndProject
Global
	GlobalSection(SolutionConfigurationPlatforms) = preSolution
		Debug|Any CPU = Debug|Any CPU
		Release|Any CPU = Release|Any CPU
	EndGlobalSection
	GlobalSection(ProjectConfigurationPlatforms) = postSolution
		{6609D557-A688-43EE-9931-D48A960C1ACD}.Debug|Any CPU.ActiveCfg = Debug|Any CPU
		{6609D557-A688-43EE-9931-D48A960C1ACD}.Debug|Any CPU.Build.0 = Debug|Any CPU
		{6609D557-A688-43EE-9931-D48A960C1ACD}.Release|Any CPU.ActiveCfg = Release|Any CPU
		{6609D557-A688-43EE-9931-D48A960C1ACD}.Release|Any CPU.Build.0 = Release|Any CPU
	EndGlobalSection
	GlobalSection(SolutionProperties) = preSolution
		HideSolutionNode = FALSE
	EndGlobalSection
	GlobalSection(ExtensibilityGlobals) = postSolution
		SolutionGuid = {60BF0099-612B-47D8-BD9F-F441EF90FFF5}
	EndGlobalSection
EndGlobal
