
Microsoft Visual Studio Solution File, Format Version 12.00
# Visual Studio Version 16
VisualStudioVersion = 16.0.29306.81
MinimumVisualStudioVersion = 10.0.40219.1
Project("{FAE04EC0-301F-11D3-BF4B-00C04F79EFBC}") = "Ejercicio1", "Ejercicio1.csproj", "{0ECE43FD-F44E-4035-8785-BC65E6940784}"
EndProject
Global
	GlobalSection(SolutionConfigurationPlatforms) = preSolution
		Debug|Any CPU = Debug|Any CPU
		Release|Any CPU = Release|Any CPU
	EndGlobalSection
	GlobalSection(ProjectConfigurationPlatforms) = postSolution
		{0ECE43FD-F44E-4035-8785-BC65E6940784}.Debug|Any CPU.ActiveCfg = Debug|Any CPU
		{0ECE43FD-F44E-4035-8785-BC65E6940784}.Debug|Any CPU.Build.0 = Debug|Any CPU
		{0ECE43FD-F44E-4035-8785-BC65E6940784}.Release|Any CPU.ActiveCfg = Release|Any CPU
		{0ECE43FD-F44E-4035-8785-BC65E6940784}.Release|Any CPU.Build.0 = Release|Any CPU
	EndGlobalSection
	GlobalSection(SolutionProperties) = preSolution
		HideSolutionNode = FALSE
	EndGlobalSection
	GlobalSection(ExtensibilityGlobals) = postSolution
		SolutionGuid = {4B9F6896-E71F-490F-A263-D3D24873ADE8}
	EndGlobalSection
EndGlobal
