
Microsoft Visual Studio Solution File, Format Version 11.00
# Visual Web Developer Express 2010
Project("{E24C65DC-7377-472B-9ABA-BC803B73C61A}") = "EXAMENBD", ".", "{B4429554-0CF6-4F9B-A9D0-0B081F2A0DC9}"
	ProjectSection(WebsiteProperties) = preProject
		TargetFrameworkMoniker = ".NETFramework,Version%3Dv4.0"
		Debug.AspNetCompiler.VirtualPath = "/EXAMENBD"
		Debug.AspNetCompiler.PhysicalPath = "..\EXAMENBD\"
		Debug.AspNetCompiler.TargetPath = "PrecompiledWeb\EXAMENBD\"
		Debug.AspNetCompiler.Updateable = "true"
		Debug.AspNetCompiler.ForceOverwrite = "true"
		Debug.AspNetCompiler.FixedNames = "false"
		Debug.AspNetCompiler.Debug = "True"
		Release.AspNetCompiler.VirtualPath = "/EXAMENBD"
		Release.AspNetCompiler.PhysicalPath = "..\EXAMENBD\"
		Release.AspNetCompiler.TargetPath = "PrecompiledWeb\EXAMENBD\"
		Release.AspNetCompiler.Updateable = "true"
		Release.AspNetCompiler.ForceOverwrite = "true"
		Release.AspNetCompiler.FixedNames = "false"
		Release.AspNetCompiler.Debug = "False"
		VWDPort = "49994"
	EndProjectSection
EndProject
Global
	GlobalSection(SolutionConfigurationPlatforms) = preSolution
		Debug|Any CPU = Debug|Any CPU
	EndGlobalSection
	GlobalSection(ProjectConfigurationPlatforms) = postSolution
		{B4429554-0CF6-4F9B-A9D0-0B081F2A0DC9}.Debug|Any CPU.ActiveCfg = Debug|Any CPU
		{B4429554-0CF6-4F9B-A9D0-0B081F2A0DC9}.Debug|Any CPU.Build.0 = Debug|Any CPU
	EndGlobalSection
	GlobalSection(SolutionProperties) = preSolution
		HideSolutionNode = FALSE
	EndGlobalSection
EndGlobal
